<?xml version="1.0" encoding="utf-8"?>
<Project ToolsVersion="4.0" xmlns="http://schemas.microsoft.com/developer/msbuild/2003">
  <ItemGroup>
    <Filter Include="源文件">
      <UniqueIdentifier>{4FC737F1-C7A5-4376-A066-2A32D752A2FF}</UniqueIdentifier>
      <Extensions>cpp;c;cc;cxx;c++;cppm;ixx;def;odl;idl;hpj;bat;asm;asmx</Extensions>
    </Filter>
    <Filter Include="头文件">
      <UniqueIdentifier>{93995380-89BD-4b04-88EB-625FBE52EBFB}</UniqueIdentifier>
      <Extensions>h;hh;hpp;hxx;h++;hm;inl;inc;ipp;xsd</Extensions>
    </Filter>
    <Filter Include="资源文件">
      <UniqueIdentifier>{67DA6AB6-F800-4c08-8B7A-83BB121AAD01}</UniqueIdentifier>
      <Extensions>rc;ico;cur;bmp;dlg;rc2;rct;bin;rgs;gif;jpg;jpeg;jpe;resx;tiff;tif;png;wav;mfcribbon-ms</Extensions>
    </Filter>
  </ItemGroup>
  <ItemGroup>
    <ClInclude Include="core\environment.h">
      <Filter>头文件</Filter>
    </ClInclude>
    <ClInclude Include="MinecraftLauncher.h">
      <Filter>头文件</Filter>
    </ClInclude>
    <ClInclude Include="core\main.h">
      <Filter>头文件</Filter>
    </ClInclude>
    <ClInclude Include="core\impl\gdipExt.h">
      <Filter>头文件</Filter>
    </ClInclude>
    <ClInclude Include="core\renderManager.h">
      <Filter>头文件</Filter>
    </ClInclude>
    <ClInclude Include="core\impl\multiwayTree.h">
      <Filter>头文件</Filter>
    </ClInclude>
    <ClInclude Include="control\__index.h">
      <Filter>头文件</Filter>
    </ClInclude>
    <ClInclude Include="core\impl\stackBlur.h">
      <Filter>头文件</Filter>
    </ClInclude>
    <ClInclude Include="control\Object.h">
      <Filter>头文件</Filter>
    </ClInclude>
    <ClInclude Include="control\Control.h">
      <Filter>头文件</Filter>
    </ClInclude>
    <ClInclude Include="control\Timer.h">
      <Filter>头文件</Filter>
    </ClInclude>
    <ClInclude Include="control\Frame.h">
      <Filter>头文件</Filter>
    </ClInclude>
    <ClInclude Include="core\core.h">
      <Filter>头文件</Filter>
    </ClInclude>
    <ClInclude Include="control\Screen.h">
      <Filter>头文件</Filter>
    </ClInclude>
    <ClInclude Include="control\Button.h">
      <Filter>头文件</Filter>
    </ClInclude>
    <ClInclude Include="core\impl\dwmHelper.h">
      <Filter>头文件</Filter>
    </ClInclude>
  </ItemGroup>
  <ItemGroup>
    <ClCompile Include="MinecraftLauncher.cpp">
      <Filter>源文件</Filter>
    </ClCompile>
    <ClCompile Include="core\main.cpp">
      <Filter>源文件</Filter>
    </ClCompile>
    <ClCompile Include="core\impl\gdipExt.cpp">
      <Filter>源文件</Filter>
    </ClCompile>
    <ClCompile Include="core\renderManager.cpp">
      <Filter>源文件</Filter>
    </ClCompile>
    <ClCompile Include="core\impl\multiwayTree.cpp">
      <Filter>源文件</Filter>
    </ClCompile>
    <ClCompile Include="core\impl\stackBlur.cpp">
      <Filter>源文件</Filter>
    </ClCompile>
    <ClCompile Include="control\Object.cpp">
      <Filter>源文件</Filter>
    </ClCompile>
    <ClCompile Include="control\Control.cpp">
      <Filter>源文件</Filter>
    </ClCompile>
    <ClCompile Include="control\Timer.cpp">
      <Filter>源文件</Filter>
    </ClCompile>
    <ClCompile Include="control\Frame.cpp">
      <Filter>源文件</Filter>
    </ClCompile>
    <ClCompile Include="control\Screen.cpp">
      <Filter>源文件</Filter>
    </ClCompile>
    <ClCompile Include="control\Button.cpp">
      <Filter>源文件</Filter>
    </ClCompile>
    <ClCompile Include="core\impl\dwmHelper.cpp">
      <Filter>源文件</Filter>
    </ClCompile>
  </ItemGroup>
  <ItemGroup>
    <None Include="ClassDiagram.cd" />
    <None Include="ClassDiagram1.cd" />
  </ItemGroup>
</Project>